
Microsoft Visual Studio Solution File, Format Version 12.00
# Visual Studio Version 16
VisualStudioVersion = 16.0.30717.126
MinimumVisualStudioVersion = 10.0.40219.1
Project("{FAE04EC0-301F-11D3-BF4B-00C04F79EFBC}") = "RomanToArabicPlusMST_UnitTest", "RomanToArabicPlusMST_UnitTest\RomanToArabicPlusMST_UnitTest.csproj", "{8A066BE7-0EC2-4BE6-B31C-524CB835001B}"
EndProject
Project("{FAE04EC0-301F-11D3-BF4B-00C04F79EFBC}") = "RomanToArabicTest1", "RomanToArabicTest1\RomanToArabicTest1.csproj", "{DC05CA88-DFF8-4513-B8A5-50DFC5EEC574}"
EndProject
Global
	GlobalSection(SolutionConfigurationPlatforms) = preSolution
		Debug|Any CPU = Debug|Any CPU
		Release|Any CPU = Release|Any CPU
	EndGlobalSection
	GlobalSection(ProjectConfigurationPlatforms) = postSolution
		{8A066BE7-0EC2-4BE6-B31C-524CB835001B}.Debug|Any CPU.ActiveCfg = Debug|Any CPU
		{8A066BE7-0EC2-4BE6-B31C-524CB835001B}.Debug|Any CPU.Build.0 = Debug|Any CPU
		{8A066BE7-0EC2-4BE6-B31C-524CB835001B}.Release|Any CPU.ActiveCfg = Release|Any CPU
		{8A066BE7-0EC2-4BE6-B31C-524CB835001B}.Release|Any CPU.Build.0 = Release|Any CPU
		{DC05CA88-DFF8-4513-B8A5-50DFC5EEC574}.Debug|Any CPU.ActiveCfg = Debug|Any CPU
		{DC05CA88-DFF8-4513-B8A5-50DFC5EEC574}.Debug|Any CPU.Build.0 = Debug|Any CPU
		{DC05CA88-DFF8-4513-B8A5-50DFC5EEC574}.Release|Any CPU.ActiveCfg = Release|Any CPU
		{DC05CA88-DFF8-4513-B8A5-50DFC5EEC574}.Release|Any CPU.Build.0 = Release|Any CPU
	EndGlobalSection
	GlobalSection(SolutionProperties) = preSolution
		HideSolutionNode = FALSE
	EndGlobalSection
	GlobalSection(ExtensibilityGlobals) = postSolution
		SolutionGuid = {C1133286-07E5-4461-BCDA-A0AC1E7B118C}
	EndGlobalSection
EndGlobal
